
Microsoft Visual Studio Solution File, Format Version 12.00
# Visual Studio Version 16
VisualStudioVersion = 16.0.30011.22
MinimumVisualStudioVersion = 10.0.40219.1
Project("{9A19103F-16F7-4668-BE54-9A1E7A4F7556}") = "ProxyDemo", "ProxyDemo\ProxyDemo.csproj", "{7EB9FF9B-74BF-4A90-97FA-39B3C6B0CD15}"
EndProject
Global
	GlobalSection(SolutionConfigurationPlatforms) = preSolution
		Debug|Any CPU = Debug|Any CPU
		Release|Any CPU = Release|Any CPU
	EndGlobalSection
	GlobalSection(ProjectConfigurationPlatforms) = postSolution
		{7EB9FF9B-74BF-4A90-97FA-39B3C6B0CD15}.Debug|Any CPU.ActiveCfg = Debug|Any CPU
		{7EB9FF9B-74BF-4A90-97FA-39B3C6B0CD15}.Debug|Any CPU.Build.0 = Debug|Any CPU
		{7EB9FF9B-74BF-4A90-97FA-39B3C6B0CD15}.Release|Any CPU.ActiveCfg = Release|Any CPU
		{7EB9FF9B-74BF-4A90-97FA-39B3C6B0CD15}.Release|Any CPU.Build.0 = Release|Any CPU
	EndGlobalSection
	GlobalSection(SolutionProperties) = preSolution
		HideSolutionNode = FALSE
	EndGlobalSection
	GlobalSection(ExtensibilityGlobals) = postSolution
		SolutionGuid = {A17D4748-E6BC-4C68-BD84-CDED25EDF2D3}
	EndGlobalSection
EndGlobal
